
Microsoft Visual Studio Solution File, Format Version 12.00
# Visual Studio Version 16
VisualStudioVersion = 16.0.29709.97
MinimumVisualStudioVersion = 10.0.40219.1
Project("{FAE04EC0-301F-11D3-BF4B-00C04F79EFBC}") = "Eshop", "Eshop\Eshop.csproj", "{878553C9-97F6-463A-92FB-1CD1527FB323}"
EndProject
Project("{2150E333-8FDC-42A3-9474-1A3956D46DE8}") = "Solution Items", "Solution Items", "{BE8EB28F-D8A6-4C1F-BE6B-A1E8CEF1B42E}"
	ProjectSection(SolutionItems) = preProject
		.editorconfig = .editorconfig
	EndProjectSection
EndProject
Project("{FAE04EC0-301F-11D3-BF4B-00C04F79EFBC}") = "EshopLibary.Test", "EshopLibary.Test\EshopLibary.Test.csproj", "{5809E2C5-CD5E-4CC8-A530-65D332E6631B}"
EndProject
Global
	GlobalSection(SolutionConfigurationPlatforms) = preSolution
		Debug|Any CPU = Debug|Any CPU
		Release|Any CPU = Release|Any CPU
	EndGlobalSection
	GlobalSection(ProjectConfigurationPlatforms) = postSolution
		{878553C9-97F6-463A-92FB-1CD1527FB323}.Debug|Any CPU.ActiveCfg = Debug|Any CPU
		{878553C9-97F6-463A-92FB-1CD1527FB323}.Debug|Any CPU.Build.0 = Debug|Any CPU
		{878553C9-97F6-463A-92FB-1CD1527FB323}.Release|Any CPU.ActiveCfg = Release|Any CPU
		{878553C9-97F6-463A-92FB-1CD1527FB323}.Release|Any CPU.Build.0 = Release|Any CPU
		{5809E2C5-CD5E-4CC8-A530-65D332E6631B}.Debug|Any CPU.ActiveCfg = Debug|Any CPU
		{5809E2C5-CD5E-4CC8-A530-65D332E6631B}.Debug|Any CPU.Build.0 = Debug|Any CPU
		{5809E2C5-CD5E-4CC8-A530-65D332E6631B}.Release|Any CPU.ActiveCfg = Release|Any CPU
		{5809E2C5-CD5E-4CC8-A530-65D332E6631B}.Release|Any CPU.Build.0 = Release|Any CPU
	EndGlobalSection
	GlobalSection(SolutionProperties) = preSolution
		HideSolutionNode = FALSE
	EndGlobalSection
	GlobalSection(ExtensibilityGlobals) = postSolution
		SolutionGuid = {4BAA8F97-FB90-4D91-B0ED-8F2EA9E8996D}
	EndGlobalSection
EndGlobal
